
Microsoft Visual Studio Solution File, Format Version 12.00
# Visual Studio Version 16
VisualStudioVersion = 16.0.31424.327
MinimumVisualStudioVersion = 10.0.40219.1
Project("{FAE04EC0-301F-11D3-BF4B-00C04F79EFBC}") = "BilgeKafe.Data", "BilgeKafe.Data\BilgeKafe.Data.csproj", "{1354C3C8-7282-464D-917C-2597BEEE4F4B}"
EndProject
Project("{FAE04EC0-301F-11D3-BF4B-00C04F79EFBC}") = "BilgeKafe.UI", "BilgeKafe.UI\BilgeKafe.UI.csproj", "{A0BD3486-B684-45B0-8F5F-641F5689075F}"
EndProject
Global
	GlobalSection(SolutionConfigurationPlatforms) = preSolution
		Debug|Any CPU = Debug|Any CPU
		Release|Any CPU = Release|Any CPU
	EndGlobalSection
	GlobalSection(ProjectConfigurationPlatforms) = postSolution
		{1354C3C8-7282-464D-917C-2597BEEE4F4B}.Debug|Any CPU.ActiveCfg = Debug|Any CPU
		{1354C3C8-7282-464D-917C-2597BEEE4F4B}.Debug|Any CPU.Build.0 = Debug|Any CPU
		{1354C3C8-7282-464D-917C-2597BEEE4F4B}.Release|Any CPU.ActiveCfg = Release|Any CPU
		{1354C3C8-7282-464D-917C-2597BEEE4F4B}.Release|Any CPU.Build.0 = Release|Any CPU
		{A0BD3486-B684-45B0-8F5F-641F5689075F}.Debug|Any CPU.ActiveCfg = Debug|Any CPU
		{A0BD3486-B684-45B0-8F5F-641F5689075F}.Debug|Any CPU.Build.0 = Debug|Any CPU
		{A0BD3486-B684-45B0-8F5F-641F5689075F}.Release|Any CPU.ActiveCfg = Release|Any CPU
		{A0BD3486-B684-45B0-8F5F-641F5689075F}.Release|Any CPU.Build.0 = Release|Any CPU
	EndGlobalSection
	GlobalSection(SolutionProperties) = preSolution
		HideSolutionNode = FALSE
	EndGlobalSection
	GlobalSection(ExtensibilityGlobals) = postSolution
		SolutionGuid = {CB533260-B0EE-4766-96B2-CDFCF688B709}
	EndGlobalSection
EndGlobal
